// !$*UTF8*$!
{
	archiveVersion = 1;
	classes = {
	};
	objectVersion = 56;
	objects = {

/* Begin PBXBuildFile section */
		9D5B11242C2558CB00F30E3C /* SpringCTAssignmentApp.swift in Sources */ = {isa = PBXBuildFile; fileRef = 9D5B11232C2558CB00F30E3C /* SpringCTAssignmentApp.swift */; };
		9D5B11262C2558CB00F30E3C /* ContentView.swift in Sources */ = {isa = PBXBuildFile; fileRef = 9D5B11252C2558CB00F30E3C /* ContentView.swift */; };
		9D5B11282C2558CD00F30E3C /* Assets.xcassets in Resources */ = {isa = PBXBuildFile; fileRef = 9D5B11272C2558CD00F30E3C /* Assets.xcassets */; };
		9D5B112B2C2558CD00F30E3C /* Preview Assets.xcassets in Resources */ = {isa = PBXBuildFile; fileRef = 9D5B112A2C2558CD00F30E3C /* Preview Assets.xcassets */; };
		9D5B11352C2558CE00F30E3C /* SpringCTAssignmentTests.swift in Sources */ = {isa = PBXBuildFile; fileRef = 9D5B11342C2558CE00F30E3C /* SpringCTAssignmentTests.swift */; };
		9D5B113F2C2558CE00F30E3C /* SpringCTAssignmentUITests.swift in Sources */ = {isa = PBXBuildFile; fileRef = 9D5B113E2C2558CE00F30E3C /* SpringCTAssignmentUITests.swift */; };
		9D5B11412C2558CE00F30E3C /* SpringCTAssignmentUITestsLaunchTests.swift in Sources */ = {isa = PBXBuildFile; fileRef = 9D5B11402C2558CE00F30E3C /* SpringCTAssignmentUITestsLaunchTests.swift */; };
		9D5B11512C2559F900F30E3C /* EmployeeModel.swift in Sources */ = {isa = PBXBuildFile; fileRef = 9D5B11502C2559F900F30E3C /* EmployeeModel.swift */; };
		9D5B11532C255BAC00F30E3C /* HomeScreen.swift in Sources */ = {isa = PBXBuildFile; fileRef = 9D5B11522C255BAC00F30E3C /* HomeScreen.swift */; };
		9D5B11552C255BDD00F30E3C /* HomeViewModel.swift in Sources */ = {isa = PBXBuildFile; fileRef = 9D5B11542C255BDD00F30E3C /* HomeViewModel.swift */; };
		9D5B11572C255DAF00F30E3C /* AddEmployeeView.swift in Sources */ = {isa = PBXBuildFile; fileRef = 9D5B11562C255DAF00F30E3C /* AddEmployeeView.swift */; };
		9D5B11592C255DF500F30E3C /* EmployeeListView.swift in Sources */ = {isa = PBXBuildFile; fileRef = 9D5B11582C255DF500F30E3C /* EmployeeListView.swift */; };
		9D5B115B2C255F6700F30E3C /* MainView.swift in Sources */ = {isa = PBXBuildFile; fileRef = 9D5B115A2C255F6700F30E3C /* MainView.swift */; };
		9D5B115D2C2564A400F30E3C /* UserProfile.swift in Sources */ = {isa = PBXBuildFile; fileRef = 9D5B115C2C2564A400F30E3C /* UserProfile.swift */; };
		9D5B115F2C258C1300F30E3C /* LoginView.swift in Sources */ = {isa = PBXBuildFile; fileRef = 9D5B115E2C258C1300F30E3C /* LoginView.swift */; };
		9D5B11622C258FE300F30E3C /* NetworkManager.swift in Sources */ = {isa = PBXBuildFile; fileRef = 9D5B11612C258FE300F30E3C /* NetworkManager.swift */; };
		9D5B11642C25922900F30E3C /* LoginModel.swift in Sources */ = {isa = PBXBuildFile; fileRef = 9D5B11632C25922900F30E3C /* LoginModel.swift */; };
		9D5B11672C25C9B100F30E3C /* SplashScreenView.swift in Sources */ = {isa = PBXBuildFile; fileRef = 9D5B11662C25C9B100F30E3C /* SplashScreenView.swift */; };
/* End PBXBuildFile section */

/* Begin PBXContainerItemProxy section */
		9D5B11312C2558CE00F30E3C /* PBXContainerItemProxy */ = {
			isa = PBXContainerItemProxy;
			containerPortal = 9D5B11182C2558CB00F30E3C /* Project object */;
			proxyType = 1;
			remoteGlobalIDString = 9D5B111F2C2558CB00F30E3C;
			remoteInfo = SpringCTAssignment;
		};
		9D5B113B2C2558CE00F30E3C /* PBXContainerItemProxy */ = {
			isa = PBXContainerItemProxy;
			containerPortal = 9D5B11182C2558CB00F30E3C /* Project object */;
			proxyType = 1;
			remoteGlobalIDString = 9D5B111F2C2558CB00F30E3C;
			remoteInfo = SpringCTAssignment;
		};
/* End PBXContainerItemProxy section */

/* Begin PBXFileReference section */
		9D5B11202C2558CB00F30E3C /* SpringCTAssignment.app */ = {isa = PBXFileReference; explicitFileType = wrapper.application; includeInIndex = 0; path = SpringCTAssignment.app; sourceTree = BUILT_PRODUCTS_DIR; };
		9D5B11232C2558CB00F30E3C /* SpringCTAssignmentApp.swift */ = {isa = PBXFileReference; lastKnownFileType = sourcecode.swift; path = SpringCTAssignmentApp.swift; sourceTree = "<group>"; };
		9D5B11252C2558CB00F30E3C /* ContentView.swift */ = {isa = PBXFileReference; lastKnownFileType = sourcecode.swift; path = ContentView.swift; sourceTree = "<group>"; };
		9D5B11272C2558CD00F30E3C /* Assets.xcassets */ = {isa = PBXFileReference; lastKnownFileType = folder.assetcatalog; path = Assets.xcassets; sourceTree = "<group>"; };
		9D5B112A2C2558CD00F30E3C /* Preview Assets.xcassets */ = {isa = PBXFileReference; lastKnownFileType = folder.assetcatalog; path = "Preview Assets.xcassets"; sourceTree = "<group>"; };
		9D5B11302C2558CE00F30E3C /* SpringCTAssignmentTests.xctest */ = {isa = PBXFileReference; explicitFileType = wrapper.cfbundle; includeInIndex = 0; path = SpringCTAssignmentTests.xctest; sourceTree = BUILT_PRODUCTS_DIR; };
		9D5B11342C2558CE00F30E3C /* SpringCTAssignmentTests.swift */ = {isa = PBXFileReference; lastKnownFileType = sourcecode.swift; path = SpringCTAssignmentTests.swift; sourceTree = "<group>"; };
		9D5B113A2C2558CE00F30E3C /* SpringCTAssignmentUITests.xctest */ = {isa = PBXFileReference; explicitFileType = wrapper.cfbundle; includeInIndex = 0; path = SpringCTAssignmentUITests.xctest; sourceTree = BUILT_PRODUCTS_DIR; };
		9D5B113E2C2558CE00F30E3C /* SpringCTAssignmentUITests.swift */ = {isa = PBXFileReference; lastKnownFileType = sourcecode.swift; path = SpringCTAssignmentUITests.swift; sourceTree = "<group>"; };
		9D5B11402C2558CE00F30E3C /* SpringCTAssignmentUITestsLaunchTests.swift */ = {isa = PBXFileReference; lastKnownFileType = sourcecode.swift; path = SpringCTAssignmentUITestsLaunchTests.swift; sourceTree = "<group>"; };
		9D5B11502C2559F900F30E3C /* EmployeeModel.swift */ = {isa = PBXFileReference; lastKnownFileType = sourcecode.swift; path = EmployeeModel.swift; sourceTree = "<group>"; };
		9D5B11522C255BAC00F30E3C /* HomeScreen.swift */ = {isa = PBXFileReference; lastKnownFileType = sourcecode.swift; path = HomeScreen.swift; sourceTree = "<group>"; };
		9D5B11542C255BDD00F30E3C /* HomeViewModel.swift */ = {isa = PBXFileReference; lastKnownFileType = sourcecode.swift; path = HomeViewModel.swift; sourceTree = "<group>"; };
		9D5B11562C255DAF00F30E3C /* AddEmployeeView.swift */ = {isa = PBXFileReference; lastKnownFileType = sourcecode.swift; path = AddEmployeeView.swift; sourceTree = "<group>"; };
		9D5B11582C255DF500F30E3C /* EmployeeListView.swift */ = {isa = PBXFileReference; lastKnownFileType = sourcecode.swift; path = EmployeeListView.swift; sourceTree = "<group>"; };
		9D5B115A2C255F6700F30E3C /* MainView.swift */ = {isa = PBXFileReference; lastKnownFileType = sourcecode.swift; path = MainView.swift; sourceTree = "<group>"; };
		9D5B115C2C2564A400F30E3C /* UserProfile.swift */ = {isa = PBXFileReference; lastKnownFileType = sourcecode.swift; path = UserProfile.swift; sourceTree = "<group>"; };
		9D5B115E2C258C1300F30E3C /* LoginView.swift */ = {isa = PBXFileReference; lastKnownFileType = sourcecode.swift; path = LoginView.swift; sourceTree = "<group>"; };
		9D5B11612C258FE300F30E3C /* NetworkManager.swift */ = {isa = PBXFileReference; lastKnownFileType = sourcecode.swift; path = NetworkManager.swift; sourceTree = "<group>"; };
		9D5B11632C25922900F30E3C /* LoginModel.swift */ = {isa = PBXFileReference; lastKnownFileType = sourcecode.swift; path = LoginModel.swift; sourceTree = "<group>"; };
		9D5B11652C25B73200F30E3C /* Info.plist */ = {isa = PBXFileReference; lastKnownFileType = text.plist; path = Info.plist; sourceTree = "<group>"; };
		9D5B11662C25C9B100F30E3C /* SplashScreenView.swift */ = {isa = PBXFileReference; lastKnownFileType = sourcecode.swift; path = SplashScreenView.swift; sourceTree = "<group>"; };
/* End PBXFileReference section */

/* Begin PBXFrameworksBuildPhase section */
		9D5B111D2C2558CB00F30E3C /* Frameworks */ = {
			isa = PBXFrameworksBuildPhase;
			buildActionMask = 2147483647;
			files = (
			);
			runOnlyForDeploymentPostprocessing = 0;
		};
		9D5B112D2C2558CE00F30E3C /* Frameworks */ = {
			isa = PBXFrameworksBuildPhase;
			buildActionMask = 2147483647;
			files = (
			);
			runOnlyForDeploymentPostprocessing = 0;
		};
		9D5B11372C2558CE00F30E3C /* Frameworks */ = {
			isa = PBXFrameworksBuildPhase;
			buildActionMask = 2147483647;
			files = (
			);
			runOnlyForDeploymentPostprocessing = 0;
		};
/* End PBXFrameworksBuildPhase section */

/* Begin PBXGroup section */
		9D5B11172C2558CB00F30E3C = {
			isa = PBXGroup;
			children = (
				9D5B11222C2558CB00F30E3C /* SpringCTAssignment */,
				9D5B11332C2558CE00F30E3C /* SpringCTAssignmentTests */,
				9D5B113D2C2558CE00F30E3C /* SpringCTAssignmentUITests */,
				9D5B11212C2558CB00F30E3C /* Products */,
			);
			sourceTree = "<group>";
		};
		9D5B11212C2558CB00F30E3C /* Products */ = {
			isa = PBXGroup;
			children = (
				9D5B11202C2558CB00F30E3C /* SpringCTAssignment.app */,
				9D5B11302C2558CE00F30E3C /* SpringCTAssignmentTests.xctest */,
				9D5B113A2C2558CE00F30E3C /* SpringCTAssignmentUITests.xctest */,
			);
			name = Products;
			sourceTree = "<group>";
		};
		9D5B11222C2558CB00F30E3C /* SpringCTAssignment */ = {
			isa = PBXGroup;
			children = (
				9D5B11652C25B73200F30E3C /* Info.plist */,
				9D5B11232C2558CB00F30E3C /* SpringCTAssignmentApp.swift */,
				9D5B11602C258FD500F30E3C /* NetworkManager */,
				9D5B114F2C2559C900F30E3C /* View */,
				9D5B114E2C2559C000F30E3C /* ViewModel */,
				9D5B114D2C2559B100F30E3C /* Model */,
				9D5B11252C2558CB00F30E3C /* ContentView.swift */,
				9D5B11272C2558CD00F30E3C /* Assets.xcassets */,
				9D5B11292C2558CD00F30E3C /* Preview Content */,
			);
			path = SpringCTAssignment;
			sourceTree = "<group>";
		};
		9D5B11292C2558CD00F30E3C /* Preview Content */ = {
			isa = PBXGroup;
			children = (
				9D5B112A2C2558CD00F30E3C /* Preview Assets.xcassets */,
			);
			path = "Preview Content";
			sourceTree = "<group>";
		};
		9D5B11332C2558CE00F30E3C /* SpringCTAssignmentTests */ = {
			isa = PBXGroup;
			children = (
				9D5B11342C2558CE00F30E3C /* SpringCTAssignmentTests.swift */,
			);
			path = SpringCTAssignmentTests;
			sourceTree = "<group>";
		};
		9D5B113D2C2558CE00F30E3C /* SpringCTAssignmentUITests */ = {
			isa = PBXGroup;
			children = (
				9D5B113E2C2558CE00F30E3C /* SpringCTAssignmentUITests.swift */,
				9D5B11402C2558CE00F30E3C /* SpringCTAssignmentUITestsLaunchTests.swift */,
			);
			path = SpringCTAssignmentUITests;
			sourceTree = "<group>";
		};
		9D5B114D2C2559B100F30E3C /* Model */ = {
			isa = PBXGroup;
			children = (
				9D5B11502C2559F900F30E3C /* EmployeeModel.swift */,
				9D5B11632C25922900F30E3C /* LoginModel.swift */,
			);
			path = Model;
			sourceTree = "<group>";
		};
		9D5B114E2C2559C000F30E3C /* ViewModel */ = {
			isa = PBXGroup;
			children = (
				9D5B11542C255BDD00F30E3C /* HomeViewModel.swift */,
			);
			path = ViewModel;
			sourceTree = "<group>";
		};
		9D5B114F2C2559C900F30E3C /* View */ = {
			isa = PBXGroup;
			children = (
				9D5B11662C25C9B100F30E3C /* SplashScreenView.swift */,
				9D5B11522C255BAC00F30E3C /* HomeScreen.swift */,
				9D5B115E2C258C1300F30E3C /* LoginView.swift */,
				9D5B115C2C2564A400F30E3C /* UserProfile.swift */,
				9D5B115A2C255F6700F30E3C /* MainView.swift */,
				9D5B11562C255DAF00F30E3C /* AddEmployeeView.swift */,
				9D5B11582C255DF500F30E3C /* EmployeeListView.swift */,
			);
			path = View;
			sourceTree = "<group>";
		};
		9D5B11602C258FD500F30E3C /* NetworkManager */ = {
			isa = PBXGroup;
			children = (
				9D5B11612C258FE300F30E3C /* NetworkManager.swift */,
			);
			path = NetworkManager;
			sourceTree = "<group>";
		};
/* End PBXGroup section */

/* Begin PBXNativeTarget section */
		9D5B111F2C2558CB00F30E3C /* SpringCTAssignment */ = {
			isa = PBXNativeTarget;
			buildConfigurationList = 9D5B11442C2558CE00F30E3C /* Build configuration list for PBXNativeTarget "SpringCTAssignment" */;
			buildPhases = (
				9D5B111C2C2558CB00F30E3C /* Sources */,
				9D5B111D2C2558CB00F30E3C /* Frameworks */,
				9D5B111E2C2558CB00F30E3C /* Resources */,
			);
			buildRules = (
			);
			dependencies = (
			);
			name = SpringCTAssignment;
			productName = SpringCTAssignment;
			productReference = 9D5B11202C2558CB00F30E3C /* SpringCTAssignment.app */;
			productType = "com.apple.product-type.application";
		};
		9D5B112F2C2558CE00F30E3C /* SpringCTAssignmentTests */ = {
			isa = PBXNativeTarget;
			buildConfigurationList = 9D5B11472C2558CE00F30E3C /* Build configuration list for PBXNativeTarget "SpringCTAssignmentTests" */;
			buildPhases = (
				9D5B112C2C2558CE00F30E3C /* Sources */,
				9D5B112D2C2558CE00F30E3C /* Frameworks */,
				9D5B112E2C2558CE00F30E3C /* Resources */,
			);
			buildRules = (
			);
			dependencies = (
				9D5B11322C2558CE00F30E3C /* PBXTargetDependency */,
			);
			name = SpringCTAssignmentTests;
			productName = SpringCTAssignmentTests;
			productReference = 9D5B11302C2558CE00F30E3C /* SpringCTAssignmentTests.xctest */;
			productType = "com.apple.product-type.bundle.unit-test";
		};
		9D5B11392C2558CE00F30E3C /* SpringCTAssignmentUITests */ = {
			isa = PBXNativeTarget;
			buildConfigurationList = 9D5B114A2C2558CE00F30E3C /* Build configuration list for PBXNativeTarget "SpringCTAssignmentUITests" */;
			buildPhases = (
				9D5B11362C2558CE00F30E3C /* Sources */,
				9D5B11372C2558CE00F30E3C /* Frameworks */,
				9D5B11382C2558CE00F30E3C /* Resources */,
			);
			buildRules = (
			);
			dependencies = (
				9D5B113C2C2558CE00F30E3C /* PBXTargetDependency */,
			);
			name = SpringCTAssignmentUITests;
			productName = SpringCTAssignmentUITests;
			productReference = 9D5B113A2C2558CE00F30E3C /* SpringCTAssignmentUITests.xctest */;
			productType = "com.apple.product-type.bundle.ui-testing";
		};
/* End PBXNativeTarget section */

/* Begin PBXProject section */
		9D5B11182C2558CB00F30E3C /* Project object */ = {
			isa = PBXProject;
			attributes = {
				BuildIndependentTargetsInParallel = 1;
				LastSwiftUpdateCheck = 1520;
				LastUpgradeCheck = 1520;
				TargetAttributes = {
					9D5B111F2C2558CB00F30E3C = {
						CreatedOnToolsVersion = 15.2;
					};
					9D5B112F2C2558CE00F30E3C = {
						CreatedOnToolsVersion = 15.2;
						TestTargetID = 9D5B111F2C2558CB00F30E3C;
					};
					9D5B11392C2558CE00F30E3C = {
						CreatedOnToolsVersion = 15.2;
						TestTargetID = 9D5B111F2C2558CB00F30E3C;
					};
				};
			};
			buildConfigurationList = 9D5B111B2C2558CB00F30E3C /* Build configuration list for PBXProject "SpringCTAssignment" */;
			compatibilityVersion = "Xcode 14.0";
			developmentRegion = en;
			hasScannedForEncodings = 0;
			knownRegions = (
				en,
				Base,
			);
			mainGroup = 9D5B11172C2558CB00F30E3C;
			productRefGroup = 9D5B11212C2558CB00F30E3C /* Products */;
			projectDirPath = "";
			projectRoot = "";
			targets = (
				9D5B111F2C2558CB00F30E3C /* SpringCTAssignment */,
				9D5B112F2C2558CE00F30E3C /* SpringCTAssignmentTests */,
				9D5B11392C2558CE00F30E3C /* SpringCTAssignmentUITests */,
			);
		};
/* End PBXProject section */

/* Begin PBXResourcesBuildPhase section */
		9D5B111E2C2558CB00F30E3C /* Resources */ = {
			isa = PBXResourcesBuildPhase;
			buildActionMask = 2147483647;
			files = (
				9D5B112B2C2558CD00F30E3C /* Preview Assets.xcassets in Resources */,
				9D5B11282C2558CD00F30E3C /* Assets.xcassets in Resources */,
			);
			runOnlyForDeploymentPostprocessing = 0;
		};
		9D5B112E2C2558CE00F30E3C /* Resources */ = {
			isa = PBXResourcesBuildPhase;
			buildActionMask = 2147483647;
			files = (
			);
			runOnlyForDeploymentPostprocessing = 0;
		};
		9D5B11382C2558CE00F30E3C /* Resources */ = {
			isa = PBXResourcesBuildPhase;
			buildActionMask = 2147483647;
			files = (
			);
			runOnlyForDeploymentPostprocessing = 0;
		};
/* End PBXResourcesBuildPhase section */

/* Begin PBXSourcesBuildPhase section */
		9D5B111C2C2558CB00F30E3C /* Sources */ = {
			isa = PBXSourcesBuildPhase;
			buildActionMask = 2147483647;
			files = (
				9D5B11532C255BAC00F30E3C /* HomeScreen.swift in Sources */,
				9D5B11672C25C9B100F30E3C /* SplashScreenView.swift in Sources */,
				9D5B11642C25922900F30E3C /* LoginModel.swift in Sources */,
				9D5B115B2C255F6700F30E3C /* MainView.swift in Sources */,
				9D5B11592C255DF500F30E3C /* EmployeeListView.swift in Sources */,
				9D5B11512C2559F900F30E3C /* EmployeeModel.swift in Sources */,
				9D5B11622C258FE300F30E3C /* NetworkManager.swift in Sources */,
				9D5B11572C255DAF00F30E3C /* AddEmployeeView.swift in Sources */,
				9D5B11262C2558CB00F30E3C /* ContentView.swift in Sources */,
				9D5B11552C255BDD00F30E3C /* HomeViewModel.swift in Sources */,
				9D5B11242C2558CB00F30E3C /* SpringCTAssignmentApp.swift in Sources */,
				9D5B115F2C258C1300F30E3C /* LoginView.swift in Sources */,
				9D5B115D2C2564A400F30E3C /* UserProfile.swift in Sources */,
			);
			runOnlyForDeploymentPostprocessing = 0;
		};
		9D5B112C2C2558CE00F30E3C /* Sources */ = {
			isa = PBXSourcesBuildPhase;
			buildActionMask = 2147483647;
			files = (
				9D5B11352C2558CE00F30E3C /* SpringCTAssignmentTests.swift in Sources */,
			);
			runOnlyForDeploymentPostprocessing = 0;
		};
		9D5B11362C2558CE00F30E3C /* Sources */ = {
			isa = PBXSourcesBuildPhase;
			buildActionMask = 2147483647;
			files = (
				9D5B113F2C2558CE00F30E3C /* SpringCTAssignmentUITests.swift in Sources */,
				9D5B11412C2558CE00F30E3C /* SpringCTAssignmentUITestsLaunchTests.swift in Sources */,
			);
			runOnlyForDeploymentPostprocessing = 0;
		};
/* End PBXSourcesBuildPhase section */

/* Begin PBXTargetDependency section */
		9D5B11322C2558CE00F30E3C /* PBXTargetDependency */ = {
			isa = PBXTargetDependency;
			target = 9D5B111F2C2558CB00F30E3C /* SpringCTAssignment */;
			targetProxy = 9D5B11312C2558CE00F30E3C /* PBXContainerItemProxy */;
		};
		9D5B113C2C2558CE00F30E3C /* PBXTargetDependency */ = {
			isa = PBXTargetDependency;
			target = 9D5B111F2C2558CB00F30E3C /* SpringCTAssignment */;
			targetProxy = 9D5B113B2C2558CE00F30E3C /* PBXContainerItemProxy */;
		};
/* End PBXTargetDependency section */

/* Begin XCBuildConfiguration section */
		9D5B11422C2558CE00F30E3C /* Debug */ = {
			isa = XCBuildConfiguration;
			buildSettings = {
				ALWAYS_SEARCH_USER_PATHS = NO;
				ASSETCATALOG_COMPILER_GENERATE_SWIFT_ASSET_SYMBOL_EXTENSIONS = YES;
				CLANG_ANALYZER_NONNULL = YES;
				CLANG_ANALYZER_NUMBER_OBJECT_CONVERSION = YES_AGGRESSIVE;
				CLANG_CXX_LANGUAGE_STANDARD = "gnu++20";
				CLANG_ENABLE_MODULES = YES;
				CLANG_ENABLE_OBJC_ARC = YES;
				CLANG_ENABLE_OBJC_WEAK = YES;
				CLANG_WARN_BLOCK_CAPTURE_AUTORELEASING = YES;
				CLANG_WARN_BOOL_CONVERSION = YES;
				CLANG_WARN_COMMA = YES;
				CLANG_WARN_CONSTANT_CONVERSION = YES;
				CLANG_WARN_DEPRECATED_OBJC_IMPLEMENTATIONS = YES;
				CLANG_WARN_DIRECT_OBJC_ISA_USAGE = YES_ERROR;
				CLANG_WARN_DOCUMENTATION_COMMENTS = YES;
				CLANG_WARN_EMPTY_BODY = YES;
				CLANG_WARN_ENUM_CONVERSION = YES;
				CLANG_WARN_INFINITE_RECURSION = YES;
				CLANG_WARN_INT_CONVERSION = YES;
				CLANG_WARN_NON_LITERAL_NULL_CONVERSION = YES;
				CLANG_WARN_OBJC_IMPLICIT_RETAIN_SELF = YES;
				CLANG_WARN_OBJC_LITERAL_CONVERSION = YES;
				CLANG_WARN_OBJC_ROOT_CLASS = YES_ERROR;
				CLANG_WARN_QUOTED_INCLUDE_IN_FRAMEWORK_HEADER = YES;
				CLANG_WARN_RANGE_LOOP_ANALYSIS = YES;
				CLANG_WARN_STRICT_PROTOTYPES = YES;
				CLANG_WARN_SUSPICIOUS_MOVE = YES;
				CLANG_WARN_UNGUARDED_AVAILABILITY = YES_AGGRESSIVE;
				CLANG_WARN_UNREACHABLE_CODE = YES;
				CLANG_WARN__DUPLICATE_METHOD_MATCH = YES;
				COPY_PHASE_STRIP = NO;
				DEBUG_INFORMATION_FORMAT = dwarf;
				ENABLE_STRICT_OBJC_MSGSEND = YES;
				ENABLE_TESTABILITY = YES;
				ENABLE_USER_SCRIPT_SANDBOXING = YES;
				GCC_C_LANGUAGE_STANDARD = gnu17;
				GCC_DYNAMIC_NO_PIC = NO;
				GCC_NO_COMMON_BLOCKS = YES;
				GCC_OPTIMIZATION_LEVEL = 0;
				GCC_PREPROCESSOR_DEFINITIONS = (
					"DEBUG=1",
					"$(inherited)",
				);
				GCC_WARN_64_TO_32_BIT_CONVERSION = YES;
				GCC_WARN_ABOUT_RETURN_TYPE = YES_ERROR;
				GCC_WARN_UNDECLARED_SELECTOR = YES;
				GCC_WARN_UNINITIALIZED_AUTOS = YES_AGGRESSIVE;
				GCC_WARN_UNUSED_FUNCTION = YES;
				GCC_WARN_UNUSED_VARIABLE = YES;
				IPHONEOS_DEPLOYMENT_TARGET = 17.2;
				LOCALIZATION_PREFERS_STRING_CATALOGS = YES;
				MTL_ENABLE_DEBUG_INFO = INCLUDE_SOURCE;
				MTL_FAST_MATH = YES;
				ONLY_ACTIVE_ARCH = YES;
				SDKROOT = iphoneos;
				SWIFT_ACTIVE_COMPILATION_CONDITIONS = "DEBUG $(inherited)";
				SWIFT_OPTIMIZATION_LEVEL = "-Onone";
			};
			name = Debug;
		};
		9D5B11432C2558CE00F30E3C /* Release */ = {
			isa = XCBuildConfiguration;
			buildSettings = {
				ALWAYS_SEARCH_USER_PATHS = NO;
				ASSETCATALOG_COMPILER_GENERATE_SWIFT_ASSET_SYMBOL_EXTENSIONS = YES;
				CLANG_ANALYZER_NONNULL = YES;
				CLANG_ANALYZER_NUMBER_OBJECT_CONVERSION = YES_AGGRESSIVE;
				CLANG_CXX_LANGUAGE_STANDARD = "gnu++20";
				CLANG_ENABLE_MODULES = YES;
				CLANG_ENABLE_OBJC_ARC = YES;
				CLANG_ENABLE_OBJC_WEAK = YES;
				CLANG_WARN_BLOCK_CAPTURE_AUTORELEASING = YES;
				CLANG_WARN_BOOL_CONVERSION = YES;
				CLANG_WARN_COMMA = YES;
				CLANG_WARN_CONSTANT_CONVERSION = YES;
				CLANG_WARN_DEPRECATED_OBJC_IMPLEMENTATIONS = YES;
				CLANG_WARN_DIRECT_OBJC_ISA_USAGE = YES_ERROR;
				CLANG_WARN_DOCUMENTATION_COMMENTS = YES;
				CLANG_WARN_EMPTY_BODY = YES;
				CLANG_WARN_ENUM_CONVERSION = YES;
				CLANG_WARN_INFINITE_RECURSION = YES;
				CLANG_WARN_INT_CONVERSION = YES;
				CLANG_WARN_NON_LITERAL_NULL_CONVERSION = YES;
				CLANG_WARN_OBJC_IMPLICIT_RETAIN_SELF = YES;
				CLANG_WARN_OBJC_LITERAL_CONVERSION = YES;
				CLANG_WARN_OBJC_ROOT_CLASS = YES_ERROR;
				CLANG_WARN_QUOTED_INCLUDE_IN_FRAMEWORK_HEADER = YES;
				CLANG_WARN_RANGE_LOOP_ANALYSIS = YES;
				CLANG_WARN_STRICT_PROTOTYPES = YES;
				CLANG_WARN_SUSPICIOUS_MOVE = YES;
				CLANG_WARN_UNGUARDED_AVAILABILITY = YES_AGGRESSIVE;
				CLANG_WARN_UNREACHABLE_CODE = YES;
				CLANG_WARN__DUPLICATE_METHOD_MATCH = YES;
				COPY_PHASE_STRIP = NO;
				DEBUG_INFORMATION_FORMAT = "dwarf-with-dsym";
				ENABLE_NS_ASSERTIONS = NO;
				ENABLE_STRICT_OBJC_MSGSEND = YES;
				ENABLE_USER_SCRIPT_SANDBOXING = YES;
				GCC_C_LANGUAGE_STANDARD = gnu17;
				GCC_NO_COMMON_BLOCKS = YES;
				GCC_WARN_64_TO_32_BIT_CONVERSION = YES;
				GCC_WARN_ABOUT_RETURN_TYPE = YES_ERROR;
				GCC_WARN_UNDECLARED_SELECTOR = YES;
				GCC_WARN_UNINITIALIZED_AUTOS = YES_AGGRESSIVE;
				GCC_WARN_UNUSED_FUNCTION = YES;
				GCC_WARN_UNUSED_VARIABLE = YES;
				IPHONEOS_DEPLOYMENT_TARGET = 17.2;
				LOCALIZATION_PREFERS_STRING_CATALOGS = YES;
				MTL_ENABLE_DEBUG_INFO = NO;
				MTL_FAST_MATH = YES;
				SDKROOT = iphoneos;
				SWIFT_COMPILATION_MODE = wholemodule;
				VALIDATE_PRODUCT = YES;
			};
			name = Release;
		};
		9D5B11452C2558CE00F30E3C /* Debug */ = {
			isa = XCBuildConfiguration;
			buildSettings = {
				ASSETCATALOG_COMPILER_APPICON_NAME = AppIcon;
				ASSETCATALOG_COMPILER_GLOBAL_ACCENT_COLOR_NAME = AccentColor;
				CODE_SIGN_STYLE = Automatic;
				CURRENT_PROJECT_VERSION = 1;
				DEVELOPMENT_ASSET_PATHS = "\"SpringCTAssignment/Preview Content\"";
				ENABLE_PREVIEWS = YES;
				GENERATE_INFOPLIST_FILE = YES;
				INFOPLIST_FILE = SpringCTAssignment/Info.plist;
				INFOPLIST_KEY_UIApplicationSceneManifest_Generation = YES;
				INFOPLIST_KEY_UIApplicationSupportsIndirectInputEvents = YES;
				INFOPLIST_KEY_UILaunchScreen_Generation = YES;
				INFOPLIST_KEY_UISupportedInterfaceOrientations_iPad = "UIInterfaceOrientationPortrait UIInterfaceOrientationPortraitUpsideDown UIInterfaceOrientationLandscapeLeft UIInterfaceOrientationLandscapeRight";
				INFOPLIST_KEY_UISupportedInterfaceOrientations_iPhone = "UIInterfaceOrientationPortrait UIInterfaceOrientationLandscapeLeft UIInterfaceOrientationLandscapeRight";
				LD_RUNPATH_SEARCH_PATHS = (
					"$(inherited)",
					"@executable_path/Frameworks",
				);
				MARKETING_VERSION = 1.0;
				PRODUCT_BUNDLE_IDENTIFIER = com.ritwik.SpringCTAssignment;
				PRODUCT_NAME = "$(TARGET_NAME)";
				SWIFT_EMIT_LOC_STRINGS = YES;
				SWIFT_VERSION = 5.0;
				TARGETED_DEVICE_FAMILY = "1,2";
			};
			name = Debug;
		};
		9D5B11462C2558CE00F30E3C /* Release */ = {
			isa = XCBuildConfiguration;
			buildSettings = {
				ASSETCATALOG_COMPILER_APPICON_NAME = AppIcon;
				ASSETCATALOG_COMPILER_GLOBAL_ACCENT_COLOR_NAME = AccentColor;
				CODE_SIGN_STYLE = Automatic;
				CURRENT_PROJECT_VERSION = 1;
				DEVELOPMENT_ASSET_PATHS = "\"SpringCTAssignment/Preview Content\"";
				ENABLE_PREVIEWS = YES;
				GENERATE_INFOPLIST_FILE = YES;
				INFOPLIST_FILE = SpringCTAssignment/Info.plist;
				INFOPLIST_KEY_UIApplicationSceneManifest_Generation = YES;
				INFOPLIST_KEY_UIApplicationSupportsIndirectInputEvents = YES;
				INFOPLIST_KEY_UILaunchScreen_Generation = YES;
				INFOPLIST_KEY_UISupportedInterfaceOrientations_iPad = "UIInterfaceOrientationPortrait UIInterfaceOrientationPortraitUpsideDown UIInterfaceOrientationLandscapeLeft UIInterfaceOrientationLandscapeRight";
				INFOPLIST_KEY_UISupportedInterfaceOrientations_iPhone = "UIInterfaceOrientationPortrait UIInterfaceOrientationLandscapeLeft UIInterfaceOrientationLandscapeRight";
				LD_RUNPATH_SEARCH_PATHS = (
					"$(inherited)",
					"@executable_path/Frameworks",
				);
				MARKETING_VERSION = 1.0;
				PRODUCT_BUNDLE_IDENTIFIER = com.ritwik.SpringCTAssignment;
				PRODUCT_NAME = "$(TARGET_NAME)";
				SWIFT_EMIT_LOC_STRINGS = YES;
				SWIFT_VERSION = 5.0;
				TARGETED_DEVICE_FAMILY = "1,2";
			};
			name = Release;
		};
		9D5B11482C2558CE00F30E3C /* Debug */ = {
			isa = XCBuildConfiguration;
			buildSettings = {
				ALWAYS_EMBED_SWIFT_STANDARD_LIBRARIES = YES;
				BUNDLE_LOADER = "$(TEST_HOST)";
				CODE_SIGN_STYLE = Automatic;
				CURRENT_PROJECT_VERSION = 1;
				GENERATE_INFOPLIST_FILE = YES;
				IPHONEOS_DEPLOYMENT_TARGET = 17.2;
				MARKETING_VERSION = 1.0;
				PRODUCT_BUNDLE_IDENTIFIER = com.ritwik.SpringCTAssignmentTests;
				PRODUCT_NAME = "$(TARGET_NAME)";
				SWIFT_EMIT_LOC_STRINGS = NO;
				SWIFT_VERSION = 5.0;
				TARGETED_DEVICE_FAMILY = "1,2";
				TEST_HOST = "$(BUILT_PRODUCTS_DIR)/SpringCTAssignment.app/$(BUNDLE_EXECUTABLE_FOLDER_PATH)/SpringCTAssignment";
			};
			name = Debug;
		};
		9D5B11492C2558CE00F30E3C /* Release */ = {
			isa = XCBuildConfiguration;
			buildSettings = {
				ALWAYS_EMBED_SWIFT_STANDARD_LIBRARIES = YES;
				BUNDLE_LOADER = "$(TEST_HOST)";
				CODE_SIGN_STYLE = Automatic;
				CURRENT_PROJECT_VERSION = 1;
				GENERATE_INFOPLIST_FILE = YES;
				IPHONEOS_DEPLOYMENT_TARGET = 17.2;
				MARKETING_VERSION = 1.0;
				PRODUCT_BUNDLE_IDENTIFIER = com.ritwik.SpringCTAssignmentTests;
				PRODUCT_NAME = "$(TARGET_NAME)";
				SWIFT_EMIT_LOC_STRINGS = NO;
				SWIFT_VERSION = 5.0;
				TARGETED_DEVICE_FAMILY = "1,2";
				TEST_HOST = "$(BUILT_PRODUCTS_DIR)/SpringCTAssignment.app/$(BUNDLE_EXECUTABLE_FOLDER_PATH)/SpringCTAssignment";
			};
			name = Release;
		};
		9D5B114B2C2558CE00F30E3C /* Debug */ = {
			isa = XCBuildConfiguration;
			buildSettings = {
				ALWAYS_EMBED_SWIFT_STANDARD_LIBRARIES = YES;
				CODE_SIGN_STYLE = Automatic;
				CURRENT_PROJECT_VERSION = 1;
				GENERATE_INFOPLIST_FILE = YES;
				MARKETING_VERSION = 1.0;
				PRODUCT_BUNDLE_IDENTIFIER = com.ritwik.SpringCTAssignmentUITests;
				PRODUCT_NAME = "$(TARGET_NAME)";
				SWIFT_EMIT_LOC_STRINGS = NO;
				SWIFT_VERSION = 5.0;
				TARGETED_DEVICE_FAMILY = "1,2";
				TEST_TARGET_NAME = SpringCTAssignment;
			};
			name = Debug;
		};
		9D5B114C2C2558CE00F30E3C /* Release */ = {
			isa = XCBuildConfiguration;
			buildSettings = {
				ALWAYS_EMBED_SWIFT_STANDARD_LIBRARIES = YES;
				CODE_SIGN_STYLE = Automatic;
				CURRENT_PROJECT_VERSION = 1;
				GENERATE_INFOPLIST_FILE = YES;
				MARKETING_VERSION = 1.0;
				PRODUCT_BUNDLE_IDENTIFIER = com.ritwik.SpringCTAssignmentUITests;
				PRODUCT_NAME = "$(TARGET_NAME)";
				SWIFT_EMIT_LOC_STRINGS = NO;
				SWIFT_VERSION = 5.0;
				TARGETED_DEVICE_FAMILY = "1,2";
				TEST_TARGET_NAME = SpringCTAssignment;
			};
			name = Release;
		};
/* End XCBuildConfiguration section */

/* Begin XCConfigurationList section */
		9D5B111B2C2558CB00F30E3C /* Build configuration list for PBXProject "SpringCTAssignment" */ = {
			isa = XCConfigurationList;
			buildConfigurations = (
				9D5B11422C2558CE00F30E3C /* Debug */,
				9D5B11432C2558CE00F30E3C /* Release */,
			);
			defaultConfigurationIsVisible = 0;
			defaultConfigurationName = Release;
		};
		9D5B11442C2558CE00F30E3C /* Build configuration list for PBXNativeTarget "SpringCTAssignment" */ = {
			isa = XCConfigurationList;
			buildConfigurations = (
				9D5B11452C2558CE00F30E3C /* Debug */,
				9D5B11462C2558CE00F30E3C /* Release */,
			);
			defaultConfigurationIsVisible = 0;
			defaultConfigurationName = Release;
		};
		9D5B11472C2558CE00F30E3C /* Build configuration list for PBXNativeTarget "SpringCTAssignmentTests" */ = {
			isa = XCConfigurationList;
			buildConfigurations = (
				9D5B11482C2558CE00F30E3C /* Debug */,
				9D5B11492C2558CE00F30E3C /* Release */,
			);
			defaultConfigurationIsVisible = 0;
			defaultConfigurationName = Release;
		};
		9D5B114A2C2558CE00F30E3C /* Build configuration list for PBXNativeTarget "SpringCTAssignmentUITests" */ = {
			isa = XCConfigurationList;
			buildConfigurations = (
				9D5B114B2C2558CE00F30E3C /* Debug */,
				9D5B114C2C2558CE00F30E3C /* Release */,
			);
			defaultConfigurationIsVisible = 0;
			defaultConfigurationName = Release;
		};
/* End XCConfigurationList section */
	};
	rootObject = 9D5B11182C2558CB00F30E3C /* Project object */;
}
